
Microsoft Visual Studio Solution File, Format Version 12.00
# Visual Studio 15
VisualStudioVersion = 15.0.27004.2008
MinimumVisualStudioVersion = 10.0.40219.1
Project("{FAE04EC0-301F-11D3-BF4B-00C04F79EFBC}") = "CommandCenter_search", "CommandCenter_search\CommandCenter_search.csproj", "{3F9F6AA0-7509-42FC-90FF-B30C44B2077D}"
EndProject
Global
	GlobalSection(SolutionConfigurationPlatforms) = preSolution
		Debug|Any CPU = Debug|Any CPU
		Release|Any CPU = Release|Any CPU
	EndGlobalSection
	GlobalSection(ProjectConfigurationPlatforms) = postSolution
		{3F9F6AA0-7509-42FC-90FF-B30C44B2077D}.Debug|Any CPU.ActiveCfg = Debug|Any CPU
		{3F9F6AA0-7509-42FC-90FF-B30C44B2077D}.Debug|Any CPU.Build.0 = Debug|Any CPU
		{3F9F6AA0-7509-42FC-90FF-B30C44B2077D}.Release|Any CPU.ActiveCfg = Release|Any CPU
		{3F9F6AA0-7509-42FC-90FF-B30C44B2077D}.Release|Any CPU.Build.0 = Release|Any CPU
	EndGlobalSection
	GlobalSection(SolutionProperties) = preSolution
		HideSolutionNode = FALSE
	EndGlobalSection
	GlobalSection(ExtensibilityGlobals) = postSolution
		SolutionGuid = {FC197458-33AA-43AE-A8F6-C2CC272CD75D}
	EndGlobalSection
EndGlobal
